lockfileVersion: 5.3

overrides:
  typescript: ^4

importers:

  .:
    specifiers: {}

  packages/app1:
    specifiers:
      typescript: ^4
    dependencies:
      typescript: 4.5.2

  packages/app2:
    specifiers:
      typescript: ^4
    dependencies:
      typescript: 4.5.2

packages:

  /typescript/4.5.2:
    resolution: {integrity: sha512-5BlMof9H1yGt0P8/WF+wPNw6GfctgGjXp5hkblpyT+8rkASSmkUKMXrxR0Xg8ThVCi/JnHQiKXeBaEwCeQwMFw==}
    engines: {node: '>=4.2.0'}
    hasBin: true
    dev: false
